
Microsoft Visual Studio Solution File, Format Version 12.00
# Visual Studio 15
VisualStudioVersion = 15.0.28307.329
MinimumVisualStudioVersion = 10.0.40219.1
Project("{9A19103F-16F7-4668-BE54-9A1E7A4F7556}") = "WebShop", "WebShop\WebShop.csproj", "{BE575386-F8C6-4B29-9E3A-15B79D7BC6A6}"
EndProject
Project("{FAE04EC0-301F-11D3-BF4B-00C04F79EFBC}") = "WebShop.IntegrationTests", "WebShop.IntegrationTests\WebShop.IntegrationTests.csproj", "{7BE6E513-5267-4EE1-9A72-839207C3566A}"
EndProject
Global
	GlobalSection(SolutionConfigurationPlatforms) = preSolution
		Debug|Any CPU = Debug|Any CPU
		Release|Any CPU = Release|Any CPU
	EndGlobalSection
	GlobalSection(ProjectConfigurationPlatforms) = postSolution
		{BE575386-F8C6-4B29-9E3A-15B79D7BC6A6}.Debug|Any CPU.ActiveCfg = Debug|Any CPU
		{BE575386-F8C6-4B29-9E3A-15B79D7BC6A6}.Debug|Any CPU.Build.0 = Debug|Any CPU
		{BE575386-F8C6-4B29-9E3A-15B79D7BC6A6}.Release|Any CPU.ActiveCfg = Release|Any CPU
		{BE575386-F8C6-4B29-9E3A-15B79D7BC6A6}.Release|Any CPU.Build.0 = Release|Any CPU
		{7BE6E513-5267-4EE1-9A72-839207C3566A}.Debug|Any CPU.ActiveCfg = Debug|Any CPU
		{7BE6E513-5267-4EE1-9A72-839207C3566A}.Debug|Any CPU.Build.0 = Debug|Any CPU
		{7BE6E513-5267-4EE1-9A72-839207C3566A}.Release|Any CPU.ActiveCfg = Release|Any CPU
		{7BE6E513-5267-4EE1-9A72-839207C3566A}.Release|Any CPU.Build.0 = Release|Any CPU
	EndGlobalSection
	GlobalSection(SolutionProperties) = preSolution
		HideSolutionNode = FALSE
	EndGlobalSection
	GlobalSection(ExtensibilityGlobals) = postSolution
		SolutionGuid = {60403F44-4D34-4F88-97D1-E5ADF1F991A6}
	EndGlobalSection
EndGlobal
